
Microsoft Visual Studio Solution File, Format Version 12.00
# Visual Studio Version 17
VisualStudioVersion = 17.6.33829.357
MinimumVisualStudioVersion = 10.0.40219.1
Project("{FAE04EC0-301F-11D3-BF4B-00C04F79EFBC}") = "ApiGateway", "ApiGateway\ApiGateway.csproj", "{463F4D90-9EAA-45EA-AE15-48C64E525765}"
EndProject
Project("{FAE04EC0-301F-11D3-BF4B-00C04F79EFBC}") = "FirstAPI", "FirstAPI\FirstAPI.csproj", "{061F7826-3869-46D4-8BC9-7AB7B4CC6EDC}"
EndProject
Project("{FAE04EC0-301F-11D3-BF4B-00C04F79EFBC}") = "SecondAPI", "SecondAPI\SecondAPI.csproj", "{513E7688-2FAE-4C3B-B850-89B74C8FD019}"
EndProject
Global
	GlobalSection(SolutionConfigurationPlatforms) = preSolution
		Debug|Any CPU = Debug|Any CPU
		Release|Any CPU = Release|Any CPU
	EndGlobalSection
	GlobalSection(ProjectConfigurationPlatforms) = postSolution
		{463F4D90-9EAA-45EA-AE15-48C64E525765}.Debug|Any CPU.ActiveCfg = Debug|Any CPU
		{463F4D90-9EAA-45EA-AE15-48C64E525765}.Debug|Any CPU.Build.0 = Debug|Any CPU
		{463F4D90-9EAA-45EA-AE15-48C64E525765}.Release|Any CPU.ActiveCfg = Release|Any CPU
		{463F4D90-9EAA-45EA-AE15-48C64E525765}.Release|Any CPU.Build.0 = Release|Any CPU
		{061F7826-3869-46D4-8BC9-7AB7B4CC6EDC}.Debug|Any CPU.ActiveCfg = Debug|Any CPU
		{061F7826-3869-46D4-8BC9-7AB7B4CC6EDC}.Debug|Any CPU.Build.0 = Debug|Any CPU
		{061F7826-3869-46D4-8BC9-7AB7B4CC6EDC}.Release|Any CPU.ActiveCfg = Release|Any CPU
		{061F7826-3869-46D4-8BC9-7AB7B4CC6EDC}.Release|Any CPU.Build.0 = Release|Any CPU
		{513E7688-2FAE-4C3B-B850-89B74C8FD019}.Debug|Any CPU.ActiveCfg = Debug|Any CPU
		{513E7688-2FAE-4C3B-B850-89B74C8FD019}.Debug|Any CPU.Build.0 = Debug|Any CPU
		{513E7688-2FAE-4C3B-B850-89B74C8FD019}.Release|Any CPU.ActiveCfg = Release|Any CPU
		{513E7688-2FAE-4C3B-B850-89B74C8FD019}.Release|Any CPU.Build.0 = Release|Any CPU
	EndGlobalSection
	GlobalSection(SolutionProperties) = preSolution
		HideSolutionNode = FALSE
	EndGlobalSection
	GlobalSection(ExtensibilityGlobals) = postSolution
		SolutionGuid = {31C14137-65D9-4F4E-8262-1EF3E1753B10}
	EndGlobalSection
EndGlobal
